{
  "originHash" : "dfbef96c9ccb6fc980019b21409455a3e84749fe126d55007d466295385a203d",
  "pins" : [
    {
      "identity" : "cotabbyinference",
      "kind" : "remoteSourceControl",
      "location" : "https://github.com/FuJacob/cotabbyinference",
      "state" : {
        "branch" : "main",
        "revision" : "662df9f1b71b900231629171572181806bd2fa36"
      }
    },
    {
      "identity" : "sparkle",
      "kind" : "remoteSourceControl",
      "location" : "https://github.com/sparkle-project/Sparkle",
      "state" : {
        "revision" : "066e75a8b3e99962685d6a90cdd5293ebffd9261",
        "version" : "2.9.1"
      }
    }
  ],
  "version" : 3
}
